
Microsoft Visual Studio Solution File, Format Version 12.00
# Visual Studio Version 17
VisualStudioVersion = 17.9.34607.119
MinimumVisualStudioVersion = 10.0.40219.1
Project("{FAE04EC0-301F-11D3-BF4B-00C04F79EFBC}") = "DataTriggerTest", "DataTriggerTest\DataTriggerTest.csproj", "{9EF65474-89D8-455E-B54D-7729A8B93256}"
EndProject
Global
	GlobalSection(SolutionConfigurationPlatforms) = preSolution
		Debug|Any CPU = Debug|Any CPU
		Release|Any CPU = Release|Any CPU
	EndGlobalSection
	GlobalSection(ProjectConfigurationPlatforms) = postSolution
		{9EF65474-89D8-455E-B54D-7729A8B93256}.Debug|Any CPU.ActiveCfg = Debug|Any CPU
		{9EF65474-89D8-455E-B54D-7729A8B93256}.Debug|Any CPU.Build.0 = Debug|Any CPU
		{9EF65474-89D8-455E-B54D-7729A8B93256}.Debug|Any CPU.Deploy.0 = Debug|Any CPU
		{9EF65474-89D8-455E-B54D-7729A8B93256}.Release|Any CPU.ActiveCfg = Release|Any CPU
		{9EF65474-89D8-455E-B54D-7729A8B93256}.Release|Any CPU.Build.0 = Release|Any CPU
		{9EF65474-89D8-455E-B54D-7729A8B93256}.Release|Any CPU.Deploy.0 = Release|Any CPU
	EndGlobalSection
	GlobalSection(SolutionProperties) = preSolution
		HideSolutionNode = FALSE
	EndGlobalSection
	GlobalSection(ExtensibilityGlobals) = postSolution
		SolutionGuid = {475A3E56-4AE3-4731-9209-823AAE082022}
	EndGlobalSection
EndGlobal
